
Microsoft Visual Studio Solution File, Format Version 12.00
# Visual Studio Version 17
VisualStudioVersion = 17.9.34902.65
MinimumVisualStudioVersion = 10.0.40219.1
Project("{8BC9CEB8-8B4A-11D0-8D11-00A0C91BC942}") = "v0.2", "v0.2.vcxproj", "{07F6556A-79C8-426A-92D6-C457ABAD93C3}"
EndProject
Global
	GlobalSection(SolutionConfigurationPlatforms) = preSolution
		Debug|x64 = Debug|x64
		Debug|x86 = Debug|x86
		Release|x64 = Release|x64
		Release|x86 = Release|x86
	EndGlobalSection
	GlobalSection(ProjectConfigurationPlatforms) = postSolution
		{07F6556A-79C8-426A-92D6-C457ABAD93C3}.Debug|x64.ActiveCfg = Debug|x64
		{07F6556A-79C8-426A-92D6-C457ABAD93C3}.Debug|x64.Build.0 = Debug|x64
		{07F6556A-79C8-426A-92D6-C457ABAD93C3}.Debug|x86.ActiveCfg = Debug|Win32
		{07F6556A-79C8-426A-92D6-C457ABAD93C3}.Debug|x86.Build.0 = Debug|Win32
		{07F6556A-79C8-426A-92D6-C457ABAD93C3}.Release|x64.ActiveCfg = Release|x64
		{07F6556A-79C8-426A-92D6-C457ABAD93C3}.Release|x64.Build.0 = Release|x64
		{07F6556A-79C8-426A-92D6-C457ABAD93C3}.Release|x86.ActiveCfg = Release|Win32
		{07F6556A-79C8-426A-92D6-C457ABAD93C3}.Release|x86.Build.0 = Release|Win32
	EndGlobalSection
	GlobalSection(SolutionProperties) = preSolution
		HideSolutionNode = FALSE
	EndGlobalSection
	GlobalSection(ExtensibilityGlobals) = postSolution
		SolutionGuid = {77336062-C6D2-49F6-808D-1458232EB4CA}
	EndGlobalSection
EndGlobal
